// !$*UTF8*$!
{
	archiveVersion = 1;
	classes = {
	};
	objectVersion = 50;
	objects = {

/* Begin PBXBuildFile section */
		0F97EF0E2096E1DD0090096B /* AppDelegate.swift in Sources */ = {isa = PBXBuildFile; fileRef = 0F97EF0D2096E1DD0090096B /* AppDelegate.swift */; };
		0F97EF102096E1DD0090096B /* ViewController.swift in Sources */ = {isa = PBXBuildFile; fileRef = 0F97EF0F2096E1DD0090096B /* ViewController.swift */; };
		0F97EF122096E1DD0090096B /* Assets.xcassets in Resources */ = {isa = PBXBuildFile; fileRef = 0F97EF112096E1DD0090096B /* Assets.xcassets */; };
		0F97EF152096E1DD0090096B /* Main.storyboard in Resources */ = {isa = PBXBuildFile; fileRef = 0F97EF132096E1DD0090096B /* Main.storyboard */; };
		0F97EF212096E1DD0090096B /* qqTests.swift in Sources */ = {isa = PBXBuildFile; fileRef = 0F97EF202096E1DD0090096B /* qqTests.swift */; };
		0F97EF2C2096E1DE0090096B /* qqUITests.swift in Sources */ = {isa = PBXBuildFile; fileRef = 0F97EF2B2096E1DE0090096B /* qqUITests.swift */; };
		0F97EF3A2096E2160090096B /* LoginWindowController.swift in Sources */ = {isa = PBXBuildFile; fileRef = 0F97EF392096E2160090096B /* LoginWindowController.swift */; };
		0F97EF3C2096F1FD0090096B /* LoginImageButton.swift in Sources */ = {isa = PBXBuildFile; fileRef = 0F97EF3B2096F1FD0090096B /* LoginImageButton.swift */; };
		0F97EF4C209713F60090096B /* LoginAccountTextField.swift in Sources */ = {isa = PBXBuildFile; fileRef = 0F97EF4B209713F60090096B /* LoginAccountTextField.swift */; };
		0F97EF4E209715C30090096B /* LoginPasswordTextField.swift in Sources */ = {isa = PBXBuildFile; fileRef = 0F97EF4D209715C30090096B /* LoginPasswordTextField.swift */; };
		0F97EF502097259E0090096B /* Constants.swift in Sources */ = {isa = PBXBuildFile; fileRef = 0F97EF4F2097259E0090096B /* Constants.swift */; };
		0F97EF5920972DA60090096B /* i18n.strings in Resources */ = {isa = PBXBuildFile; fileRef = 0F97EF5B20972DA60090096B /* i18n.strings */; };
		0F97EF5F20973D5B0090096B /* IconArrowButton.swift in Sources */ = {isa = PBXBuildFile; fileRef = 0F97EF5E20973D5B0090096B /* IconArrowButton.swift */; };
		0F97EF6120973F910090096B /* ImageButton.swift in Sources */ = {isa = PBXBuildFile; fileRef = 0F97EF6020973F910090096B /* ImageButton.swift */; };
		0F97EF6320975B6C0090096B /* OptionsViewController.swift in Sources */ = {isa = PBXBuildFile; fileRef = 0F97EF6220975B6C0090096B /* OptionsViewController.swift */; };
		0F97EF652097A1930090096B /* settingViewSound.wav in Resources */ = {isa = PBXBuildFile; fileRef = 0F97EF642097A1920090096B /* settingViewSound.wav */; };
		0F97EF692097A3530090096B /* AVFoundation.framework in Frameworks */ = {isa = PBXBuildFile; fileRef = 0F97EF682097A3530090096B /* AVFoundation.framework */; };
		0FEC611B2098723800823DE7 /* LoginUserItem.swift in Sources */ = {isa = PBXBuildFile; fileRef = 0FEC61192098723800823DE7 /* LoginUserItem.swift */; };
		0FEC611C2098723800823DE7 /* LoginUserItem.xib in Resources */ = {isa = PBXBuildFile; fileRef = 0FEC611A2098723800823DE7 /* LoginUserItem.xib */; };
		0FEC611E2098728E00823DE7 /* LoginUserItemModel.swift in Sources */ = {isa = PBXBuildFile; fileRef = 0FEC611D2098728E00823DE7 /* LoginUserItemModel.swift */; };
/* End PBXBuildFile section */

/* Begin PBXContainerItemProxy section */
		0F97EF1D2096E1DD0090096B /* PBXContainerItemProxy */ = {
			isa = PBXContainerItemProxy;
			containerPortal = 0F97EF022096E1DD0090096B /* Project object */;
			proxyType = 1;
			remoteGlobalIDString = 0F97EF092096E1DD0090096B;
			remoteInfo = qq;
		};
		0F97EF282096E1DD0090096B /* PBXContainerItemProxy */ = {
			isa = PBXContainerItemProxy;
			containerPortal = 0F97EF022096E1DD0090096B /* Project object */;
			proxyType = 1;
			remoteGlobalIDString = 0F97EF092096E1DD0090096B;
			remoteInfo = qq;
		};
/* End PBXContainerItemProxy section */

/* Begin PBXFileReference section */
		0F97EF0A2096E1DD0090096B /* qq.app */ = {isa = PBXFileReference; explicitFileType = wrapper.application; includeInIndex = 0; path = qq.app; sourceTree = BUILT_PRODUCTS_DIR; };
		0F97EF0D2096E1DD0090096B /* AppDelegate.swift */ = {isa = PBXFileReference; lastKnownFileType = sourcecode.swift; path = AppDelegate.swift; sourceTree = "<group>"; };
		0F97EF0F2096E1DD0090096B /* ViewController.swift */ = {isa = PBXFileReference; lastKnownFileType = sourcecode.swift; path = ViewController.swift; sourceTree = "<group>"; };
		0F97EF112096E1DD0090096B /* Assets.xcassets */ = {isa = PBXFileReference; lastKnownFileType = folder.assetcatalog; path = Assets.xcassets; sourceTree = "<group>"; };
		0F97EF142096E1DD0090096B /* Base */ = {isa = PBXFileReference; lastKnownFileType = file.storyboard; name = Base; path = Base.lproj/Main.storyboard; sourceTree = "<group>"; };
		0F97EF162096E1DD0090096B /* Info.plist */ = {isa = PBXFileReference; lastKnownFileType = text.plist.xml; path = Info.plist; sourceTree = "<group>"; };
		0F97EF172096E1DD0090096B /* qq.entitlements */ = {isa = PBXFileReference; lastKnownFileType = text.plist.entitlements; path = qq.entitlements; sourceTree = "<group>"; };
		0F97EF1C2096E1DD0090096B /* qqTests.xctest */ = {isa = PBXFileReference; explicitFileType = wrapper.cfbundle; includeInIndex = 0; path = qqTests.xctest; sourceTree = BUILT_PRODUCTS_DIR; };
		0F97EF202096E1DD0090096B /* qqTests.swift */ = {isa = PBXFileReference; lastKnownFileType = sourcecode.swift; path = qqTests.swift; sourceTree = "<group>"; };
		0F97EF222096E1DD0090096B /* Info.plist */ = {isa = PBXFileReference; lastKnownFileType = text.plist.xml; path = Info.plist; sourceTree = "<group>"; };
		0F97EF272096E1DD0090096B /* qqUITests.xctest */ = {isa = PBXFileReference; explicitFileType = wrapper.cfbundle; includeInIndex = 0; path = qqUITests.xctest; sourceTree = BUILT_PRODUCTS_DIR; };
		0F97EF2B2096E1DE0090096B /* qqUITests.swift */ = {isa = PBXFileReference; lastKnownFileType = sourcecode.swift; path = qqUITests.swift; sourceTree = "<group>"; };
		0F97EF2D2096E1DE0090096B /* Info.plist */ = {isa = PBXFileReference; lastKnownFileType = text.plist.xml; path = Info.plist; sourceTree = "<group>"; };
		0F97EF392096E2160090096B /* LoginWindowController.swift */ = {isa = PBXFileReference; lastKnownFileType = sourcecode.swift; path = LoginWindowController.swift; sourceTree = "<group>"; };
		0F97EF3B2096F1FD0090096B /* LoginImageButton.swift */ = {isa = PBXFileReference; lastKnownFileType = sourcecode.swift; path = LoginImageButton.swift; sourceTree = "<group>"; };
		0F97EF4B209713F60090096B /* LoginAccountTextField.swift */ = {isa = PBXFileReference; lastKnownFileType = sourcecode.swift; path = LoginAccountTextField.swift; sourceTree = "<group>"; };
		0F97EF4D209715C30090096B /* LoginPasswordTextField.swift */ = {isa = PBXFileReference; lastKnownFileType = sourcecode.swift; path = LoginPasswordTextField.swift; sourceTree = "<group>"; };
		0F97EF4F2097259E0090096B /* Constants.swift */ = {isa = PBXFileReference; lastKnownFileType = sourcecode.swift; path = Constants.swift; sourceTree = "<group>"; };
		0F97EF56209729BC0090096B /* zh-Hans */ = {isa = PBXFileReference; lastKnownFileType = text.plist.strings; name = "zh-Hans"; path = "zh-Hans.lproj/Main.strings"; sourceTree = "<group>"; };
		0F97EF5A20972DA60090096B /* en */ = {isa = PBXFileReference; lastKnownFileType = text.plist.strings; name = en; path = en.lproj/i18n.strings; sourceTree = "<group>"; };
		0F97EF5C20972DA90090096B /* zh-Hans */ = {isa = PBXFileReference; lastKnownFileType = text.plist.strings; name = "zh-Hans"; path = "zh-Hans.lproj/i18n.strings"; sourceTree = "<group>"; };
		0F97EF5D20972FA50090096B /* en */ = {isa = PBXFileReference; lastKnownFileType = text.plist.strings; name = en; path = en.lproj/Main.strings; sourceTree = "<group>"; };
		0F97EF5E20973D5B0090096B /* IconArrowButton.swift */ = {isa = PBXFileReference; lastKnownFileType = sourcecode.swift; path = IconArrowButton.swift; sourceTree = "<group>"; };
		0F97EF6020973F910090096B /* ImageButton.swift */ = {isa = PBXFileReference; lastKnownFileType = sourcecode.swift; path = ImageButton.swift; sourceTree = "<group>"; };
		0F97EF6220975B6C0090096B /* OptionsViewController.swift */ = {isa = PBXFileReference; lastKnownFileType = sourcecode.swift; path = OptionsViewController.swift; sourceTree = "<group>"; };
		0F97EF642097A1920090096B /* settingViewSound.wav */ = {isa = PBXFileReference; lastKnownFileType = audio.wav; path = settingViewSound.wav; sourceTree = "<group>"; };
		0F97EF682097A3530090096B /* AVFoundation.framework */ = {isa = PBXFileReference; lastKnownFileType = wrapper.framework; name = AVFoundation.framework; path = System/Library/Frameworks/AVFoundation.framework; sourceTree = SDKROOT; };
		0FEC61192098723800823DE7 /* LoginUserItem.swift */ = {isa = PBXFileReference; lastKnownFileType = sourcecode.swift; path = LoginUserItem.swift; sourceTree = "<group>"; };
		0FEC611A2098723800823DE7 /* LoginUserItem.xib */ = {isa = PBXFileReference; lastKnownFileType = file.xib; path = LoginUserItem.xib; sourceTree = "<group>"; };
		0FEC611D2098728E00823DE7 /* LoginUserItemModel.swift */ = {isa = PBXFileReference; fileEncoding = 4; lastKnownFileType = sourcecode.swift; path = LoginUserItemModel.swift; sourceTree = "<group>"; };
/* End PBXFileReference section */

/* Begin PBXFrameworksBuildPhase section */
		0F97EF072096E1DD0090096B /* Frameworks */ = {
			isa = PBXFrameworksBuildPhase;
			buildActionMask = 2147483647;
			files = (
				0F97EF692097A3530090096B /* AVFoundation.framework in Frameworks */,
			);
			runOnlyForDeploymentPostprocessing = 0;
		};
		0F97EF192096E1DD0090096B /* Frameworks */ = {
			isa = PBXFrameworksBuildPhase;
			buildActionMask = 2147483647;
			files = (
			);
			runOnlyForDeploymentPostprocessing = 0;
		};
		0F97EF242096E1DD0090096B /* Frameworks */ = {
			isa = PBXFrameworksBuildPhase;
			buildActionMask = 2147483647;
			files = (
			);
			runOnlyForDeploymentPostprocessing = 0;
		};
/* End PBXFrameworksBuildPhase section */

/* Begin PBXGroup section */
		0F97EF012096E1DD0090096B = {
			isa = PBXGroup;
			children = (
				0F97EF0C2096E1DD0090096B /* qq */,
				0F97EF1F2096E1DD0090096B /* qqTests */,
				0F97EF2A2096E1DE0090096B /* qqUITests */,
				0F97EF0B2096E1DD0090096B /* Products */,
				0F97EF672097A3520090096B /* Frameworks */,
			);
			sourceTree = "<group>";
		};
		0F97EF0B2096E1DD0090096B /* Products */ = {
			isa = PBXGroup;
			children = (
				0F97EF0A2096E1DD0090096B /* qq.app */,
				0F97EF1C2096E1DD0090096B /* qqTests.xctest */,
				0F97EF272096E1DD0090096B /* qqUITests.xctest */,
			);
			name = Products;
			sourceTree = "<group>";
		};
		0F97EF0C2096E1DD0090096B /* qq */ = {
			isa = PBXGroup;
			children = (
				0F97EF172096E1DD0090096B /* qq.entitlements */,
				0F97EF162096E1DD0090096B /* Info.plist */,
				0F97EF0D2096E1DD0090096B /* AppDelegate.swift */,
				0F97EF4F2097259E0090096B /* Constants.swift */,
				0F97EF5E20973D5B0090096B /* IconArrowButton.swift */,
				0F97EF6020973F910090096B /* ImageButton.swift */,
				0F97EF4B209713F60090096B /* LoginAccountTextField.swift */,
				0F97EF3B2096F1FD0090096B /* LoginImageButton.swift */,
				0F97EF4D209715C30090096B /* LoginPasswordTextField.swift */,
				0FEC61192098723800823DE7 /* LoginUserItem.swift */,
				0FEC611D2098728E00823DE7 /* LoginUserItemModel.swift */,
				0F97EF392096E2160090096B /* LoginWindowController.swift */,
				0F97EF6220975B6C0090096B /* OptionsViewController.swift */,
				0F97EF0F2096E1DD0090096B /* ViewController.swift */,
				0F97EF112096E1DD0090096B /* Assets.xcassets */,
				0FEC611A2098723800823DE7 /* LoginUserItem.xib */,
				0F97EF5B20972DA60090096B /* i18n.strings */,
				0F97EF132096E1DD0090096B /* Main.storyboard */,
				0F97EF662097A1A20090096B /* sounds */,
			);
			path = qq;
			sourceTree = "<group>";
		};
		0F97EF1F2096E1DD0090096B /* qqTests */ = {
			isa = PBXGroup;
			children = (
				0F97EF202096E1DD0090096B /* qqTests.swift */,
				0F97EF222096E1DD0090096B /* Info.plist */,
			);
			path = qqTests;
			sourceTree = "<group>";
		};
		0F97EF2A2096E1DE0090096B /* qqUITests */ = {
			isa = PBXGroup;
			children = (
				0F97EF2B2096E1DE0090096B /* qqUITests.swift */,
				0F97EF2D2096E1DE0090096B /* Info.plist */,
			);
			path = qqUITests;
			sourceTree = "<group>";
		};
		0F97EF662097A1A20090096B /* sounds */ = {
			isa = PBXGroup;
			children = (
				0F97EF642097A1920090096B /* settingViewSound.wav */,
			);
			path = sounds;
			sourceTree = "<group>";
		};
		0F97EF672097A3520090096B /* Frameworks */ = {
			isa = PBXGroup;
			children = (
				0F97EF682097A3530090096B /* AVFoundation.framework */,
			);
			name = Frameworks;
			sourceTree = "<group>";
		};
/* End PBXGroup section */

/* Begin PBXNativeTarget section */
		0F97EF092096E1DD0090096B /* qq */ = {
			isa = PBXNativeTarget;
			buildConfigurationList = 0F97EF302096E1DE0090096B /* Build configuration list for PBXNativeTarget "qq" */;
			buildPhases = (
				0F97EF062096E1DD0090096B /* Sources */,
				0F97EF072096E1DD0090096B /* Frameworks */,
				0F97EF082096E1DD0090096B /* Resources */,
			);
			buildRules = (
			);
			dependencies = (
			);
			name = qq;
			productName = qq;
			productReference = 0F97EF0A2096E1DD0090096B /* qq.app */;
			productType = "com.apple.product-type.application";
		};
		0F97EF1B2096E1DD0090096B /* qqTests */ = {
			isa = PBXNativeTarget;
			buildConfigurationList = 0F97EF332096E1DE0090096B /* Build configuration list for PBXNativeTarget "qqTests" */;
			buildPhases = (
				0F97EF182096E1DD0090096B /* Sources */,
				0F97EF192096E1DD0090096B /* Frameworks */,
				0F97EF1A2096E1DD0090096B /* Resources */,
			);
			buildRules = (
			);
			dependencies = (
				0F97EF1E2096E1DD0090096B /* PBXTargetDependency */,
			);
			name = qqTests;
			productName = qqTests;
			productReference = 0F97EF1C2096E1DD0090096B /* qqTests.xctest */;
			productType = "com.apple.product-type.bundle.unit-test";
		};
		0F97EF262096E1DD0090096B /* qqUITests */ = {
			isa = PBXNativeTarget;
			buildConfigurationList = 0F97EF362096E1DE0090096B /* Build configuration list for PBXNativeTarget "qqUITests" */;
			buildPhases = (
				0F97EF232096E1DD0090096B /* Sources */,
				0F97EF242096E1DD0090096B /* Frameworks */,
				0F97EF252096E1DD0090096B /* Resources */,
			);
			buildRules = (
			);
			dependencies = (
				0F97EF292096E1DD0090096B /* PBXTargetDependency */,
			);
			name = qqUITests;
			productName = qqUITests;
			productReference = 0F97EF272096E1DD0090096B /* qqUITests.xctest */;
			productType = "com.apple.product-type.bundle.ui-testing";
		};
/* End PBXNativeTarget section */

/* Begin PBXProject section */
		0F97EF022096E1DD0090096B /* Project object */ = {
			isa = PBXProject;
			attributes = {
				LastSwiftUpdateCheck = 0930;
				LastUpgradeCheck = 0930;
				ORGANIZATIONNAME = Totorotec;
				TargetAttributes = {
					0F97EF092096E1DD0090096B = {
						CreatedOnToolsVersion = 9.3;
					};
					0F97EF1B2096E1DD0090096B = {
						CreatedOnToolsVersion = 9.3;
						TestTargetID = 0F97EF092096E1DD0090096B;
					};
					0F97EF262096E1DD0090096B = {
						CreatedOnToolsVersion = 9.3;
						TestTargetID = 0F97EF092096E1DD0090096B;
					};
				};
			};
			buildConfigurationList = 0F97EF052096E1DD0090096B /* Build configuration list for PBXProject "qq" */;
			compatibilityVersion = "Xcode 9.3";
			developmentRegion = en;
			hasScannedForEncodings = 0;
			knownRegions = (
				en,
				Base,
				"zh-Hans",
			);
			mainGroup = 0F97EF012096E1DD0090096B;
			productRefGroup = 0F97EF0B2096E1DD0090096B /* Products */;
			projectDirPath = "";
			projectRoot = "";
			targets = (
				0F97EF092096E1DD0090096B /* qq */,
				0F97EF1B2096E1DD0090096B /* qqTests */,
				0F97EF262096E1DD0090096B /* qqUITests */,
			);
		};
/* End PBXProject section */

/* Begin PBXResourcesBuildPhase section */
		0F97EF082096E1DD0090096B /* Resources */ = {
			isa = PBXResourcesBuildPhase;
			buildActionMask = 2147483647;
			files = (
				0F97EF122096E1DD0090096B /* Assets.xcassets in Resources */,
				0F97EF5920972DA60090096B /* i18n.strings in Resources */,
				0F97EF652097A1930090096B /* settingViewSound.wav in Resources */,
				0FEC611C2098723800823DE7 /* LoginUserItem.xib in Resources */,
				0F97EF152096E1DD0090096B /* Main.storyboard in Resources */,
			);
			runOnlyForDeploymentPostprocessing = 0;
		};
		0F97EF1A2096E1DD0090096B /* Resources */ = {
			isa = PBXResourcesBuildPhase;
			buildActionMask = 2147483647;
			files = (
			);
			runOnlyForDeploymentPostprocessing = 0;
		};
		0F97EF252096E1DD0090096B /* Resources */ = {
			isa = PBXResourcesBuildPhase;
			buildActionMask = 2147483647;
			files = (
			);
			runOnlyForDeploymentPostprocessing = 0;
		};
/* End PBXResourcesBuildPhase section */

/* Begin PBXSourcesBuildPhase section */
		0F97EF062096E1DD0090096B /* Sources */ = {
			isa = PBXSourcesBuildPhase;
			buildActionMask = 2147483647;
			files = (
				0F97EF102096E1DD0090096B /* ViewController.swift in Sources */,
				0F97EF6120973F910090096B /* ImageButton.swift in Sources */,
				0F97EF3C2096F1FD0090096B /* LoginImageButton.swift in Sources */,
				0FEC611E2098728E00823DE7 /* LoginUserItemModel.swift in Sources */,
				0F97EF0E2096E1DD0090096B /* AppDelegate.swift in Sources */,
				0F97EF3A2096E2160090096B /* LoginWindowController.swift in Sources */,
				0F97EF5F20973D5B0090096B /* IconArrowButton.swift in Sources */,
				0F97EF502097259E0090096B /* Constants.swift in Sources */,
				0F97EF4E209715C30090096B /* LoginPasswordTextField.swift in Sources */,
				0FEC611B2098723800823DE7 /* LoginUserItem.swift in Sources */,
				0F97EF4C209713F60090096B /* LoginAccountTextField.swift in Sources */,
				0F97EF6320975B6C0090096B /* OptionsViewController.swift in Sources */,
			);
			runOnlyForDeploymentPostprocessing = 0;
		};
		0F97EF182096E1DD0090096B /* Sources */ = {
			isa = PBXSourcesBuildPhase;
			buildActionMask = 2147483647;
			files = (
				0F97EF212096E1DD0090096B /* qqTests.swift in Sources */,
			);
			runOnlyForDeploymentPostprocessing = 0;
		};
		0F97EF232096E1DD0090096B /* Sources */ = {
			isa = PBXSourcesBuildPhase;
			buildActionMask = 2147483647;
			files = (
				0F97EF2C2096E1DE0090096B /* qqUITests.swift in Sources */,
			);
			runOnlyForDeploymentPostprocessing = 0;
		};
/* End PBXSourcesBuildPhase section */

/* Begin PBXTargetDependency section */
		0F97EF1E2096E1DD0090096B /* PBXTargetDependency */ = {
			isa = PBXTargetDependency;
			target = 0F97EF092096E1DD0090096B /* qq */;
			targetProxy = 0F97EF1D2096E1DD0090096B /* PBXContainerItemProxy */;
		};
		0F97EF292096E1DD0090096B /* PBXTargetDependency */ = {
			isa = PBXTargetDependency;
			target = 0F97EF092096E1DD0090096B /* qq */;
			targetProxy = 0F97EF282096E1DD0090096B /* PBXContainerItemProxy */;
		};
/* End PBXTargetDependency section */

/* Begin PBXVariantGroup section */
		0F97EF132096E1DD0090096B /* Main.storyboard */ = {
			isa = PBXVariantGroup;
			children = (
				0F97EF142096E1DD0090096B /* Base */,
				0F97EF56209729BC0090096B /* zh-Hans */,
				0F97EF5D20972FA50090096B /* en */,
			);
			name = Main.storyboard;
			sourceTree = "<group>";
		};
		0F97EF5B20972DA60090096B /* i18n.strings */ = {
			isa = PBXVariantGroup;
			children = (
				0F97EF5A20972DA60090096B /* en */,
				0F97EF5C20972DA90090096B /* zh-Hans */,
			);
			name = i18n.strings;
			sourceTree = "<group>";
		};
/* End PBXVariantGroup section */

/* Begin XCBuildConfiguration section */
		0F97EF2E2096E1DE0090096B /* Debug */ = {
			isa = XCBuildConfiguration;
			buildSettings = {
				ALWAYS_SEARCH_USER_PATHS = NO;
				CLANG_ANALYZER_LOCALIZABILITY_NONLOCALIZED = YES;
				CLANG_ANALYZER_NONNULL = YES;
				CLANG_ANALYZER_NUMBER_OBJECT_CONVERSION = YES_AGGRESSIVE;
				CLANG_CXX_LANGUAGE_STANDARD = "gnu++14";
				CLANG_CXX_LIBRARY = "libc++";
				CLANG_ENABLE_MODULES = YES;
				CLANG_ENABLE_OBJC_ARC = YES;
				CLANG_ENABLE_OBJC_WEAK = YES;
				CLANG_WARN_BLOCK_CAPTURE_AUTORELEASING = YES;
				CLANG_WARN_BOOL_CONVERSION = YES;
				CLANG_WARN_COMMA = YES;
				CLANG_WARN_CONSTANT_CONVERSION = YES;
				CLANG_WARN_DEPRECATED_OBJC_IMPLEMENTATIONS = YES;
				CLANG_WARN_DIRECT_OBJC_ISA_USAGE = YES_ERROR;
				CLANG_WARN_DOCUMENTATION_COMMENTS = YES;
				CLANG_WARN_EMPTY_BODY = YES;
				CLANG_WARN_ENUM_CONVERSION = YES;
				CLANG_WARN_INFINITE_RECURSION = YES;
				CLANG_WARN_INT_CONVERSION = YES;
				CLANG_WARN_NON_LITERAL_NULL_CONVERSION = YES;
				CLANG_WARN_OBJC_IMPLICIT_RETAIN_SELF = YES;
				CLANG_WARN_OBJC_LITERAL_CONVERSION = YES;
				CLANG_WARN_OBJC_ROOT_CLASS = YES_ERROR;
				CLANG_WARN_RANGE_LOOP_ANALYSIS = YES;
				CLANG_WARN_STRICT_PROTOTYPES = YES;
				CLANG_WARN_SUSPICIOUS_MOVE = YES;
				CLANG_WARN_UNGUARDED_AVAILABILITY = YES_AGGRESSIVE;
				CLANG_WARN_UNREACHABLE_CODE = YES;
				CLANG_WARN__DUPLICATE_METHOD_MATCH = YES;
				CODE_SIGN_IDENTITY = "-";
				COPY_PHASE_STRIP = NO;
				DEBUG_INFORMATION_FORMAT = dwarf;
				ENABLE_STRICT_OBJC_MSGSEND = YES;
				ENABLE_TESTABILITY = YES;
				GCC_C_LANGUAGE_STANDARD = gnu11;
				GCC_DYNAMIC_NO_PIC = NO;
				GCC_NO_COMMON_BLOCKS = YES;
				GCC_OPTIMIZATION_LEVEL = 0;
				GCC_PREPROCESSOR_DEFINITIONS = (
					"DEBUG=1",
					"$(inherited)",
				);
				GCC_WARN_64_TO_32_BIT_CONVERSION = YES;
				GCC_WARN_ABOUT_RETURN_TYPE = YES_ERROR;
				GCC_WARN_UNDECLARED_SELECTOR = YES;
				GCC_WARN_UNINITIALIZED_AUTOS = YES_AGGRESSIVE;
				GCC_WARN_UNUSED_FUNCTION = YES;
				GCC_WARN_UNUSED_VARIABLE = YES;
				MACOSX_DEPLOYMENT_TARGET = 10.13;
				MTL_ENABLE_DEBUG_INFO = YES;
				ONLY_ACTIVE_ARCH = YES;
				SDKROOT = macosx;
				SWIFT_ACTIVE_COMPILATION_CONDITIONS = DEBUG;
				SWIFT_OPTIMIZATION_LEVEL = "-Onone";
			};
			name = Debug;
		};
		0F97EF2F2096E1DE0090096B /* Release */ = {
			isa = XCBuildConfiguration;
			buildSettings = {
				ALWAYS_SEARCH_USER_PATHS = NO;
				CLANG_ANALYZER_LOCALIZABILITY_NONLOCALIZED = YES;
				CLANG_ANALYZER_NONNULL = YES;
				CLANG_ANALYZER_NUMBER_OBJECT_CONVERSION = YES_AGGRESSIVE;
				CLANG_CXX_LANGUAGE_STANDARD = "gnu++14";
				CLANG_CXX_LIBRARY = "libc++";
				CLANG_ENABLE_MODULES = YES;
				CLANG_ENABLE_OBJC_ARC = YES;
				CLANG_ENABLE_OBJC_WEAK = YES;
				CLANG_WARN_BLOCK_CAPTURE_AUTORELEASING = YES;
				CLANG_WARN_BOOL_CONVERSION = YES;
				CLANG_WARN_COMMA = YES;
				CLANG_WARN_CONSTANT_CONVERSION = YES;
				CLANG_WARN_DEPRECATED_OBJC_IMPLEMENTATIONS = YES;
				CLANG_WARN_DIRECT_OBJC_ISA_USAGE = YES_ERROR;
				CLANG_WARN_DOCUMENTATION_COMMENTS = YES;
				CLANG_WARN_EMPTY_BODY = YES;
				CLANG_WARN_ENUM_CONVERSION = YES;
				CLANG_WARN_INFINITE_RECURSION = YES;
				CLANG_WARN_INT_CONVERSION = YES;
				CLANG_WARN_NON_LITERAL_NULL_CONVERSION = YES;
				CLANG_WARN_OBJC_IMPLICIT_RETAIN_SELF = YES;
				CLANG_WARN_OBJC_LITERAL_CONVERSION = YES;
				CLANG_WARN_OBJC_ROOT_CLASS = YES_ERROR;
				CLANG_WARN_RANGE_LOOP_ANALYSIS = YES;
				CLANG_WARN_STRICT_PROTOTYPES = YES;
				CLANG_WARN_SUSPICIOUS_MOVE = YES;
				CLANG_WARN_UNGUARDED_AVAILABILITY = YES_AGGRESSIVE;
				CLANG_WARN_UNREACHABLE_CODE = YES;
				CLANG_WARN__DUPLICATE_METHOD_MATCH = YES;
				CODE_SIGN_IDENTITY = "-";
				COPY_PHASE_STRIP = NO;
				DEBUG_INFORMATION_FORMAT = "dwarf-with-dsym";
				ENABLE_NS_ASSERTIONS = NO;
				ENABLE_STRICT_OBJC_MSGSEND = YES;
				GCC_C_LANGUAGE_STANDARD = gnu11;
				GCC_NO_COMMON_BLOCKS = YES;
				GCC_WARN_64_TO_32_BIT_CONVERSION = YES;
				GCC_WARN_ABOUT_RETURN_TYPE = YES_ERROR;
				GCC_WARN_UNDECLARED_SELECTOR = YES;
				GCC_WARN_UNINITIALIZED_AUTOS = YES_AGGRESSIVE;
				GCC_WARN_UNUSED_FUNCTION = YES;
				GCC_WARN_UNUSED_VARIABLE = YES;
				MACOSX_DEPLOYMENT_TARGET = 10.13;
				MTL_ENABLE_DEBUG_INFO = NO;
				SDKROOT = macosx;
				SWIFT_COMPILATION_MODE = wholemodule;
				SWIFT_OPTIMIZATION_LEVEL = "-O";
			};
			name = Release;
		};
		0F97EF312096E1DE0090096B /* Debug */ = {
			isa = XCBuildConfiguration;
			buildSettings = {
				ASSETCATALOG_COMPILER_APPICON_NAME = AppIcon;
				CODE_SIGN_ENTITLEMENTS = qq/qq.entitlements;
				CODE_SIGN_STYLE = Automatic;
				COMBINE_HIDPI_IMAGES = YES;
				INFOPLIST_FILE = qq/Info.plist;
				LD_RUNPATH_SEARCH_PATHS = (
					"$(inherited)",
					"@executable_path/../Frameworks",
				);
				PRODUCT_BUNDLE_IDENTIFIER = com.totorotec.qq;
				PRODUCT_NAME = "$(TARGET_NAME)";
				SWIFT_VERSION = 4.0;
			};
			name = Debug;
		};
		0F97EF322096E1DE0090096B /* Release */ = {
			isa = XCBuildConfiguration;
			buildSettings = {
				ASSETCATALOG_COMPILER_APPICON_NAME = AppIcon;
				CODE_SIGN_ENTITLEMENTS = qq/qq.entitlements;
				CODE_SIGN_STYLE = Automatic;
				COMBINE_HIDPI_IMAGES = YES;
				INFOPLIST_FILE = qq/Info.plist;
				LD_RUNPATH_SEARCH_PATHS = (
					"$(inherited)",
					"@executable_path/../Frameworks",
				);
				PRODUCT_BUNDLE_IDENTIFIER = com.totorotec.qq;
				PRODUCT_NAME = "$(TARGET_NAME)";
				SWIFT_VERSION = 4.0;
			};
			name = Release;
		};
		0F97EF342096E1DE0090096B /* Debug */ = {
			isa = XCBuildConfiguration;
			buildSettings = {
				ALWAYS_EMBED_SWIFT_STANDARD_LIBRARIES = YES;
				BUNDLE_LOADER = "$(TEST_HOST)";
				CODE_SIGN_STYLE = Automatic;
				COMBINE_HIDPI_IMAGES = YES;
				INFOPLIST_FILE = qqTests/Info.plist;
				LD_RUNPATH_SEARCH_PATHS = (
					"$(inherited)",
					"@executable_path/../Frameworks",
					"@loader_path/../Frameworks",
				);
				PRODUCT_BUNDLE_IDENTIFIER = com.totorotec.qqTests;
				PRODUCT_NAME = "$(TARGET_NAME)";
				SWIFT_VERSION = 4.0;
				TEST_HOST = "$(BUILT_PRODUCTS_DIR)/qq.app/Contents/MacOS/qq";
			};
			name = Debug;
		};
		0F97EF352096E1DE0090096B /* Release */ = {
			isa = XCBuildConfiguration;
			buildSettings = {
				ALWAYS_EMBED_SWIFT_STANDARD_LIBRARIES = YES;
				BUNDLE_LOADER = "$(TEST_HOST)";
				CODE_SIGN_STYLE = Automatic;
				COMBINE_HIDPI_IMAGES = YES;
				INFOPLIST_FILE = qqTests/Info.plist;
				LD_RUNPATH_SEARCH_PATHS = (
					"$(inherited)",
					"@executable_path/../Frameworks",
					"@loader_path/../Frameworks",
				);
				PRODUCT_BUNDLE_IDENTIFIER = com.totorotec.qqTests;
				PRODUCT_NAME = "$(TARGET_NAME)";
				SWIFT_VERSION = 4.0;
				TEST_HOST = "$(BUILT_PRODUCTS_DIR)/qq.app/Contents/MacOS/qq";
			};
			name = Release;
		};
		0F97EF372096E1DE0090096B /* Debug */ = {
			isa = XCBuildConfiguration;
			buildSettings = {
				ALWAYS_EMBED_SWIFT_STANDARD_LIBRARIES = YES;
				CODE_SIGN_STYLE = Automatic;
				COMBINE_HIDPI_IMAGES = YES;
				INFOPLIST_FILE = qqUITests/Info.plist;
				LD_RUNPATH_SEARCH_PATHS = (
					"$(inherited)",
					"@executable_path/../Frameworks",
					"@loader_path/../Frameworks",
				);
				PRODUCT_BUNDLE_IDENTIFIER = com.totorotec.qqUITests;
				PRODUCT_NAME = "$(TARGET_NAME)";
				SWIFT_VERSION = 4.0;
				TEST_TARGET_NAME = qq;
			};
			name = Debug;
		};
		0F97EF382096E1DE0090096B /* Release */ = {
			isa = XCBuildConfiguration;
			buildSettings = {
				ALWAYS_EMBED_SWIFT_STANDARD_LIBRARIES = YES;
				CODE_SIGN_STYLE = Automatic;
				COMBINE_HIDPI_IMAGES = YES;
				INFOPLIST_FILE = qqUITests/Info.plist;
				LD_RUNPATH_SEARCH_PATHS = (
					"$(inherited)",
					"@executable_path/../Frameworks",
					"@loader_path/../Frameworks",
				);
				PRODUCT_BUNDLE_IDENTIFIER = com.totorotec.qqUITests;
				PRODUCT_NAME = "$(TARGET_NAME)";
				SWIFT_VERSION = 4.0;
				TEST_TARGET_NAME = qq;
			};
			name = Release;
		};
/* End XCBuildConfiguration section */

/* Begin XCConfigurationList section */
		0F97EF052096E1DD0090096B /* Build configuration list for PBXProject "qq" */ = {
			isa = XCConfigurationList;
			buildConfigurations = (
				0F97EF2E2096E1DE0090096B /* Debug */,
				0F97EF2F2096E1DE0090096B /* Release */,
			);
			defaultConfigurationIsVisible = 0;
			defaultConfigurationName = Release;
		};
		0F97EF302096E1DE0090096B /* Build configuration list for PBXNativeTarget "qq" */ = {
			isa = XCConfigurationList;
			buildConfigurations = (
				0F97EF312096E1DE0090096B /* Debug */,
				0F97EF322096E1DE0090096B /* Release */,
			);
			defaultConfigurationIsVisible = 0;
			defaultConfigurationName = Release;
		};
		0F97EF332096E1DE0090096B /* Build configuration list for PBXNativeTarget "qqTests" */ = {
			isa = XCConfigurationList;
			buildConfigurations = (
				0F97EF342096E1DE0090096B /* Debug */,
				0F97EF352096E1DE0090096B /* Release */,
			);
			defaultConfigurationIsVisible = 0;
			defaultConfigurationName = Release;
		};
		0F97EF362096E1DE0090096B /* Build configuration list for PBXNativeTarget "qqUITests" */ = {
			isa = XCConfigurationList;
			buildConfigurations = (
				0F97EF372096E1DE0090096B /* Debug */,
				0F97EF382096E1DE0090096B /* Release */,
			);
			defaultConfigurationIsVisible = 0;
			defaultConfigurationName = Release;
		};
/* End XCConfigurationList section */
	};
	rootObject = 0F97EF022096E1DD0090096B /* Project object */;
}
